// !$*UTF8*$!
{
	archiveVersion = 1;
	classes = {
	};
	objectVersion = 46;
	objects = {

/* Begin PBXBuildFile section */
		B829712D1CD55A7D00509E1E /* QuizletController.swift in Sources */ = {isa = PBXBuildFile; fileRef = B829712C1CD55A7D00509E1E /* QuizletController.swift */; };
		B829712F1CD6A05D00509E1E /* QuizletTableViewController.swift in Sources */ = {isa = PBXBuildFile; fileRef = B829712E1CD6A05D00509E1E /* QuizletTableViewController.swift */; };
		B84223511CBBBC1000B7A29D /* IndexCard.swift in Sources */ = {isa = PBXBuildFile; fileRef = B84223501CBBBC1000B7A29D /* IndexCard.swift */; };
		B8538F9F1CB1CD02008F4AB5 /* US_Capitol_Cities.json in Resources */ = {isa = PBXBuildFile; fileRef = B8538F9E1CB1CD02008F4AB5 /* US_Capitol_Cities.json */; };
		B8538FA11CB1CF49008F4AB5 /* US_Presidents.json in Resources */ = {isa = PBXBuildFile; fileRef = B8538FA01CB1CF49008F4AB5 /* US_Presidents.json */; };
		B872BB7F1C78A98C0019DED3 /* AppDelegate.swift in Sources */ = {isa = PBXBuildFile; fileRef = B872BB7E1C78A98C0019DED3 /* AppDelegate.swift */; };
		B872BB821C78A98C0019DED3 /* StudyCards.xcdatamodeld in Sources */ = {isa = PBXBuildFile; fileRef = B872BB801C78A98C0019DED3 /* StudyCards.xcdatamodeld */; };
		B872BB841C78A98C0019DED3 /* MasterViewController.swift in Sources */ = {isa = PBXBuildFile; fileRef = B872BB831C78A98C0019DED3 /* MasterViewController.swift */; };
		B872BB861C78A98C0019DED3 /* DetailViewController.swift in Sources */ = {isa = PBXBuildFile; fileRef = B872BB851C78A98C0019DED3 /* DetailViewController.swift */; };
		B872BB891C78A98C0019DED3 /* Main.storyboard in Resources */ = {isa = PBXBuildFile; fileRef = B872BB871C78A98C0019DED3 /* Main.storyboard */; };
		B872BB8B1C78A98C0019DED3 /* Assets.xcassets in Resources */ = {isa = PBXBuildFile; fileRef = B872BB8A1C78A98C0019DED3 /* Assets.xcassets */; };
		B872BB8E1C78A98C0019DED3 /* LaunchScreen.storyboard in Resources */ = {isa = PBXBuildFile; fileRef = B872BB8C1C78A98C0019DED3 /* LaunchScreen.storyboard */; };
		B872BB991C78A98C0019DED3 /* StudyCardsTests.swift in Sources */ = {isa = PBXBuildFile; fileRef = B872BB981C78A98C0019DED3 /* StudyCardsTests.swift */; };
		B872BBBD1C78B1B00019DED3 /* Card+CoreDataProperties.swift in Sources */ = {isa = PBXBuildFile; fileRef = B872BBB51C78B1B00019DED3 /* Card+CoreDataProperties.swift */; };
		B872BBBE1C78B1B00019DED3 /* Card.swift in Sources */ = {isa = PBXBuildFile; fileRef = B872BBB61C78B1B00019DED3 /* Card.swift */; };
		B872BBBF1C78B1B00019DED3 /* Image+CoreDataProperties.swift in Sources */ = {isa = PBXBuildFile; fileRef = B872BBB71C78B1B00019DED3 /* Image+CoreDataProperties.swift */; };
		B872BBC01C78B1B00019DED3 /* Image.swift in Sources */ = {isa = PBXBuildFile; fileRef = B872BBB81C78B1B00019DED3 /* Image.swift */; };
		B872BBC11C78B1B00019DED3 /* Category+CoreDataProperties.swift in Sources */ = {isa = PBXBuildFile; fileRef = B872BBB91C78B1B00019DED3 /* Category+CoreDataProperties.swift */; };
		B872BBC21C78B1B00019DED3 /* Category.swift in Sources */ = {isa = PBXBuildFile; fileRef = B872BBBA1C78B1B00019DED3 /* Category.swift */; };
		B872BBC31C78B1B00019DED3 /* Deck+CoreDataProperties.swift in Sources */ = {isa = PBXBuildFile; fileRef = B872BBBB1C78B1B00019DED3 /* Deck+CoreDataProperties.swift */; };
		B872BBC41C78B1B00019DED3 /* Deck.swift in Sources */ = {isa = PBXBuildFile; fileRef = B872BBBC1C78B1B00019DED3 /* Deck.swift */; };
		B872BBC71C7924D50019DED3 /* AddDeckViewController.swift in Sources */ = {isa = PBXBuildFile; fileRef = B872BBC61C7924D50019DED3 /* AddDeckViewController.swift */; };
		B872BBCA1C7A3BB40019DED3 /* DeckEditorTableViewCell.swift in Sources */ = {isa = PBXBuildFile; fileRef = B872BBC91C7A3BB40019DED3 /* DeckEditorTableViewCell.swift */; };
		B87A88781C971D4E009A3202 /* AddCardsViewController.swift in Sources */ = {isa = PBXBuildFile; fileRef = B87A88771C971D4E009A3202 /* AddCardsViewController.swift */; };
		B8D2B24D1C9D86AA003C9BEE /* NFTextView.swift in Sources */ = {isa = PBXBuildFile; fileRef = B8D2B24C1C9D86AA003C9BEE /* NFTextView.swift */; };
		B8DA51611D53D6400081C377 /* CardCheckBox.swift in Sources */ = {isa = PBXBuildFile; fileRef = B8DA51601D53D6400081C377 /* CardCheckBox.swift */; };
		B8E7F9D51CB9937400FF2A20 /* CardPageViewController.swift in Sources */ = {isa = PBXBuildFile; fileRef = B8E7F9D41CB9937400FF2A20 /* CardPageViewController.swift */; };
		B8E7F9D71CBA787200FF2A20 /* CardListTableViewController.swift in Sources */ = {isa = PBXBuildFile; fileRef = B8E7F9D61CBA787200FF2A20 /* CardListTableViewController.swift */; };
		B8ECC7451C81F95D00503727 /* StudyCardsDataStack.swift in Sources */ = {isa = PBXBuildFile; fileRef = B8ECC7441C81F95D00503727 /* StudyCardsDataStack.swift */; };
		B8ECC7471C820A8B00503727 /* ViewModels.swift in Sources */ = {isa = PBXBuildFile; fileRef = B8ECC7461C820A8B00503727 /* ViewModels.swift */; };
		B8ECC7491C8265B900503727 /* CategoryTableViewController.swift in Sources */ = {isa = PBXBuildFile; fileRef = B8ECC7481C8265B900503727 /* CategoryTableViewController.swift */; };
/* End PBXBuildFile section */

/* Begin PBXContainerItemProxy section */
		B872BB951C78A98C0019DED3 /* PBXContainerItemProxy */ = {
			isa = PBXContainerItemProxy;
			containerPortal = B872BB731C78A98C0019DED3 /* Project object */;
			proxyType = 1;
			remoteGlobalIDString = B872BB7A1C78A98C0019DED3;
			remoteInfo = StudyCards;
		};
/* End PBXContainerItemProxy section */

/* Begin PBXFileReference section */
		B829712C1CD55A7D00509E1E /* QuizletController.swift */ = {isa = PBXFileReference; fileEncoding = 4; lastKnownFileType = sourcecode.swift; path = QuizletController.swift; sourceTree = "<group>"; };
		B829712E1CD6A05D00509E1E /* QuizletTableViewController.swift */ = {isa = PBXFileReference; fileEncoding = 4; lastKnownFileType = sourcecode.swift; path = QuizletTableViewController.swift; sourceTree = "<group>"; };
		B84223501CBBBC1000B7A29D /* IndexCard.swift */ = {isa = PBXFileReference; fileEncoding = 4; lastKnownFileType = sourcecode.swift; path = IndexCard.swift; sourceTree = "<group>"; };
		B8538F9E1CB1CD02008F4AB5 /* US_Capitol_Cities.json */ = {isa = PBXFileReference; fileEncoding = 4; lastKnownFileType = text.json; path = US_Capitol_Cities.json; sourceTree = "<group>"; };
		B8538FA01CB1CF49008F4AB5 /* US_Presidents.json */ = {isa = PBXFileReference; fileEncoding = 4; lastKnownFileType = text.json; path = US_Presidents.json; sourceTree = "<group>"; };
		B872BB7B1C78A98C0019DED3 /* StudyCards.app */ = {isa = PBXFileReference; explicitFileType = wrapper.application; includeInIndex = 0; path = StudyCards.app; sourceTree = BUILT_PRODUCTS_DIR; };
		B872BB7E1C78A98C0019DED3 /* AppDelegate.swift */ = {isa = PBXFileReference; lastKnownFileType = sourcecode.swift; path = AppDelegate.swift; sourceTree = "<group>"; };
		B872BB811C78A98C0019DED3 /* StudyCards.xcdatamodel */ = {isa = PBXFileReference; lastKnownFileType = wrapper.xcdatamodel; path = StudyCards.xcdatamodel; sourceTree = "<group>"; };
		B872BB831C78A98C0019DED3 /* MasterViewController.swift */ = {isa = PBXFileReference; lastKnownFileType = sourcecode.swift; path = MasterViewController.swift; sourceTree = "<group>"; };
		B872BB851C78A98C0019DED3 /* DetailViewController.swift */ = {isa = PBXFileReference; lastKnownFileType = sourcecode.swift; path = DetailViewController.swift; sourceTree = "<group>"; };
		B872BB881C78A98C0019DED3 /* Base */ = {isa = PBXFileReference; lastKnownFileType = file.storyboard; name = Base; path = Base.lproj/Main.storyboard; sourceTree = "<group>"; };
		B872BB8A1C78A98C0019DED3 /* Assets.xcassets */ = {isa = PBXFileReference; lastKnownFileType = folder.assetcatalog; path = Assets.xcassets; sourceTree = "<group>"; };
		B872BB8D1C78A98C0019DED3 /* Base */ = {isa = PBXFileReference; lastKnownFileType = file.storyboard; name = Base; path = Base.lproj/LaunchScreen.storyboard; sourceTree = "<group>"; };
		B872BB8F1C78A98C0019DED3 /* Info.plist */ = {isa = PBXFileReference; lastKnownFileType = text.plist.xml; path = Info.plist; sourceTree = "<group>"; };
		B872BB941C78A98C0019DED3 /* StudyCardsTests.xctest */ = {isa = PBXFileReference; explicitFileType = wrapper.cfbundle; includeInIndex = 0; path = StudyCardsTests.xctest; sourceTree = BUILT_PRODUCTS_DIR; };
		B872BB981C78A98C0019DED3 /* StudyCardsTests.swift */ = {isa = PBXFileReference; lastKnownFileType = sourcecode.swift; path = StudyCardsTests.swift; sourceTree = "<group>"; };
		B872BB9A1C78A98C0019DED3 /* Info.plist */ = {isa = PBXFileReference; lastKnownFileType = text.plist.xml; path = Info.plist; sourceTree = "<group>"; };
		B872BBB51C78B1B00019DED3 /* Card+CoreDataProperties.swift */ = {isa = PBXFileReference; fileEncoding = 4; lastKnownFileType = sourcecode.swift; path = "Card+CoreDataProperties.swift"; sourceTree = "<group>"; };
		B872BBB61C78B1B00019DED3 /* Card.swift */ = {isa = PBXFileReference; fileEncoding = 4; lastKnownFileType = sourcecode.swift; path = Card.swift; sourceTree = "<group>"; };
		B872BBB71C78B1B00019DED3 /* Image+CoreDataProperties.swift */ = {isa = PBXFileReference; fileEncoding = 4; lastKnownFileType = sourcecode.swift; path = "Image+CoreDataProperties.swift"; sourceTree = "<group>"; };
		B872BBB81C78B1B00019DED3 /* Image.swift */ = {isa = PBXFileReference; fileEncoding = 4; lastKnownFileType = sourcecode.swift; path = Image.swift; sourceTree = "<group>"; };
		B872BBB91C78B1B00019DED3 /* Category+CoreDataProperties.swift */ = {isa = PBXFileReference; fileEncoding = 4; lastKnownFileType = sourcecode.swift; path = "Category+CoreDataProperties.swift"; sourceTree = "<group>"; };
		B872BBBA1C78B1B00019DED3 /* Category.swift */ = {isa = PBXFileReference; fileEncoding = 4; lastKnownFileType = sourcecode.swift; path = Category.swift; sourceTree = "<group>"; };
		B872BBBB1C78B1B00019DED3 /* Deck+CoreDataProperties.swift */ = {isa = PBXFileReference; fileEncoding = 4; lastKnownFileType = sourcecode.swift; path = "Deck+CoreDataProperties.swift"; sourceTree = "<group>"; };
		B872BBBC1C78B1B00019DED3 /* Deck.swift */ = {isa = PBXFileReference; fileEncoding = 4; lastKnownFileType = sourcecode.swift; path = Deck.swift; sourceTree = "<group>"; };
		B872BBC61C7924D50019DED3 /* AddDeckViewController.swift */ = {isa = PBXFileReference; fileEncoding = 4; lastKnownFileType = sourcecode.swift; path = AddDeckViewController.swift; sourceTree = "<group>"; };
		B872BBC91C7A3BB40019DED3 /* DeckEditorTableViewCell.swift */ = {isa = PBXFileReference; fileEncoding = 4; lastKnownFileType = sourcecode.swift; path = DeckEditorTableViewCell.swift; sourceTree = "<group>"; };
		B87A88771C971D4E009A3202 /* AddCardsViewController.swift */ = {isa = PBXFileReference; fileEncoding = 4; lastKnownFileType = sourcecode.swift; path = AddCardsViewController.swift; sourceTree = "<group>"; };
		B8D2B24C1C9D86AA003C9BEE /* NFTextView.swift */ = {isa = PBXFileReference; fileEncoding = 4; lastKnownFileType = sourcecode.swift; path = NFTextView.swift; sourceTree = "<group>"; };
		B8DA51601D53D6400081C377 /* CardCheckBox.swift */ = {isa = PBXFileReference; fileEncoding = 4; lastKnownFileType = sourcecode.swift; path = CardCheckBox.swift; sourceTree = "<group>"; };
		B8E7F9D41CB9937400FF2A20 /* CardPageViewController.swift */ = {isa = PBXFileReference; fileEncoding = 4; lastKnownFileType = sourcecode.swift; path = CardPageViewController.swift; sourceTree = "<group>"; };
		B8E7F9D61CBA787200FF2A20 /* CardListTableViewController.swift */ = {isa = PBXFileReference; fileEncoding = 4; lastKnownFileType = sourcecode.swift; path = CardListTableViewController.swift; sourceTree = "<group>"; };
		B8ECC7441C81F95D00503727 /* StudyCardsDataStack.swift */ = {isa = PBXFileReference; fileEncoding = 4; lastKnownFileType = sourcecode.swift; path = StudyCardsDataStack.swift; sourceTree = SOURCE_ROOT; };
		B8ECC7461C820A8B00503727 /* ViewModels.swift */ = {isa = PBXFileReference; fileEncoding = 4; lastKnownFileType = sourcecode.swift; path = ViewModels.swift; sourceTree = "<group>"; };
		B8ECC7481C8265B900503727 /* CategoryTableViewController.swift */ = {isa = PBXFileReference; fileEncoding = 4; lastKnownFileType = sourcecode.swift; path = CategoryTableViewController.swift; sourceTree = "<group>"; };
/* End PBXFileReference section */

/* Begin PBXFrameworksBuildPhase section */
		B872BB781C78A98C0019DED3 /* Frameworks */ = {
			isa = PBXFrameworksBuildPhase;
			buildActionMask = 2147483647;
			files = (
			);
			runOnlyForDeploymentPostprocessing = 0;
		};
		B872BB911C78A98C0019DED3 /* Frameworks */ = {
			isa = PBXFrameworksBuildPhase;
			buildActionMask = 2147483647;
			files = (
			);
			runOnlyForDeploymentPostprocessing = 0;
		};
/* End PBXFrameworksBuildPhase section */

/* Begin PBXGroup section */
		B8538F9D1CB1CCE0008F4AB5 /* Resources */ = {
			isa = PBXGroup;
			children = (
				B8538FA01CB1CF49008F4AB5 /* US_Presidents.json */,
				B8538F9E1CB1CD02008F4AB5 /* US_Capitol_Cities.json */,
			);
			name = Resources;
			sourceTree = "<group>";
		};
		B872BB721C78A98C0019DED3 = {
			isa = PBXGroup;
			children = (
				B8538F9D1CB1CCE0008F4AB5 /* Resources */,
				B872BB7D1C78A98C0019DED3 /* StudyCards */,
				B872BB971C78A98C0019DED3 /* StudyCardsTests */,
				B872BB7C1C78A98C0019DED3 /* Products */,
			);
			sourceTree = "<group>";
		};
		B872BB7C1C78A98C0019DED3 /* Products */ = {
			isa = PBXGroup;
			children = (
				B872BB7B1C78A98C0019DED3 /* StudyCards.app */,
				B872BB941C78A98C0019DED3 /* StudyCardsTests.xctest */,
			);
			name = Products;
			sourceTree = "<group>";
		};
		B872BB7D1C78A98C0019DED3 /* StudyCards */ = {
			isa = PBXGroup;
			children = (
				B872BB7E1C78A98C0019DED3 /* AppDelegate.swift */,
				B8ECC7441C81F95D00503727 /* StudyCardsDataStack.swift */,
				B872BBC61C7924D50019DED3 /* AddDeckViewController.swift */,
				B8D2B24C1C9D86AA003C9BEE /* NFTextView.swift */,
				B8DA51601D53D6400081C377 /* CardCheckBox.swift */,
				B872BBC91C7A3BB40019DED3 /* DeckEditorTableViewCell.swift */,
				B872BB831C78A98C0019DED3 /* MasterViewController.swift */,
				B8ECC7481C8265B900503727 /* CategoryTableViewController.swift */,
				B87A88771C971D4E009A3202 /* AddCardsViewController.swift */,
				B8E7F9D41CB9937400FF2A20 /* CardPageViewController.swift */,
				B872BB851C78A98C0019DED3 /* DetailViewController.swift */,
				B8E7F9D61CBA787200FF2A20 /* CardListTableViewController.swift */,
				B829712C1CD55A7D00509E1E /* QuizletController.swift */,
				B829712E1CD6A05D00509E1E /* QuizletTableViewController.swift */,
				B84223501CBBBC1000B7A29D /* IndexCard.swift */,
				B872BB871C78A98C0019DED3 /* Main.storyboard */,
				B872BB8A1C78A98C0019DED3 /* Assets.xcassets */,
				B872BB8C1C78A98C0019DED3 /* LaunchScreen.storyboard */,
				B872BB8F1C78A98C0019DED3 /* Info.plist */,
				B872BB801C78A98C0019DED3 /* StudyCards.xcdatamodeld */,
				B872BBB31C78AD3B0019DED3 /* Model */,
				B8ECC7461C820A8B00503727 /* ViewModels.swift */,
			);
			path = StudyCards;
			sourceTree = "<group>";
		};
		B872BB971C78A98C0019DED3 /* StudyCardsTests */ = {
			isa = PBXGroup;
			children = (
				B872BB981C78A98C0019DED3 /* StudyCardsTests.swift */,
				B872BB9A1C78A98C0019DED3 /* Info.plist */,
			);
			path = StudyCardsTests;
			sourceTree = "<group>";
		};
		B872BBB31C78AD3B0019DED3 /* Model */ = {
			isa = PBXGroup;
			children = (
				B872BBC51C78B1D50019DED3 /* Extensions */,
				B872BBB61C78B1B00019DED3 /* Card.swift */,
				B872BBB81C78B1B00019DED3 /* Image.swift */,
				B872BBBA1C78B1B00019DED3 /* Category.swift */,
				B872BBBC1C78B1B00019DED3 /* Deck.swift */,
			);
			name = Model;
			sourceTree = "<group>";
		};
		B872BBC51C78B1D50019DED3 /* Extensions */ = {
			isa = PBXGroup;
			children = (
				B872BBB51C78B1B00019DED3 /* Card+CoreDataProperties.swift */,
				B872BBB71C78B1B00019DED3 /* Image+CoreDataProperties.swift */,
				B872BBB91C78B1B00019DED3 /* Category+CoreDataProperties.swift */,
				B872BBBB1C78B1B00019DED3 /* Deck+CoreDataProperties.swift */,
			);
			name = Extensions;
			sourceTree = "<group>";
		};
/* End PBXGroup section */

/* Begin PBXNativeTarget section */
		B872BB7A1C78A98C0019DED3 /* StudyCards */ = {
			isa = PBXNativeTarget;
			buildConfigurationList = B872BB9D1C78A98C0019DED3 /* Build configuration list for PBXNativeTarget "StudyCards" */;
			buildPhases = (
				B872BB771C78A98C0019DED3 /* Sources */,
				B872BB781C78A98C0019DED3 /* Frameworks */,
				B872BB791C78A98C0019DED3 /* Resources */,
			);
			buildRules = (
			);
			dependencies = (
			);
			name = StudyCards;
			productName = StudyCards;
			productReference = B872BB7B1C78A98C0019DED3 /* StudyCards.app */;
			productType = "com.apple.product-type.application";
		};
		B872BB931C78A98C0019DED3 /* StudyCardsTests */ = {
			isa = PBXNativeTarget;
			buildConfigurationList = B872BBA01C78A98C0019DED3 /* Build configuration list for PBXNativeTarget "StudyCardsTests" */;
			buildPhases = (
				B872BB901C78A98C0019DED3 /* Sources */,
				B872BB911C78A98C0019DED3 /* Frameworks */,
				B872BB921C78A98C0019DED3 /* Resources */,
			);
			buildRules = (
			);
			dependencies = (
				B872BB961C78A98C0019DED3 /* PBXTargetDependency */,
			);
			name = StudyCardsTests;
			productName = StudyCardsTests;
			productReference = B872BB941C78A98C0019DED3 /* StudyCardsTests.xctest */;
			productType = "com.apple.product-type.bundle.unit-test";
		};
/* End PBXNativeTarget section */

/* Begin PBXProject section */
		B872BB731C78A98C0019DED3 /* Project object */ = {
			isa = PBXProject;
			attributes = {
				LastSwiftUpdateCheck = 0720;
				LastUpgradeCheck = 0720;
				ORGANIZATIONNAME = "Wildcat Productions";
				TargetAttributes = {
					B872BB7A1C78A98C0019DED3 = {
						CreatedOnToolsVersion = 7.2.1;
						DevelopmentTeam = KD7N7R2FNY;
					};
					B872BB931C78A98C0019DED3 = {
						CreatedOnToolsVersion = 7.2.1;
						TestTargetID = B872BB7A1C78A98C0019DED3;
					};
				};
			};
			buildConfigurationList = B872BB761C78A98C0019DED3 /* Build configuration list for PBXProject "StudyCards" */;
			compatibilityVersion = "Xcode 3.2";
			developmentRegion = English;
			hasScannedForEncodings = 0;
			knownRegions = (
				en,
				Base,
			);
			mainGroup = B872BB721C78A98C0019DED3;
			productRefGroup = B872BB7C1C78A98C0019DED3 /* Products */;
			projectDirPath = "";
			projectRoot = "";
			targets = (
				B872BB7A1C78A98C0019DED3 /* StudyCards */,
				B872BB931C78A98C0019DED3 /* StudyCardsTests */,
			);
		};
/* End PBXProject section */

/* Begin PBXResourcesBuildPhase section */
		B872BB791C78A98C0019DED3 /* Resources */ = {
			isa = PBXResourcesBuildPhase;
			buildActionMask = 2147483647;
			files = (
				B872BB8E1C78A98C0019DED3 /* LaunchScreen.storyboard in Resources */,
				B8538FA11CB1CF49008F4AB5 /* US_Presidents.json in Resources */,
				B8538F9F1CB1CD02008F4AB5 /* US_Capitol_Cities.json in Resources */,
				B872BB8B1C78A98C0019DED3 /* Assets.xcassets in Resources */,
				B872BB891C78A98C0019DED3 /* Main.storyboard in Resources */,
			);
			runOnlyForDeploymentPostprocessing = 0;
		};
		B872BB921C78A98C0019DED3 /* Resources */ = {
			isa = PBXResourcesBuildPhase;
			buildActionMask = 2147483647;
			files = (
			);
			runOnlyForDeploymentPostprocessing = 0;
		};
/* End PBXResourcesBuildPhase section */

/* Begin PBXSourcesBuildPhase section */
		B872BB771C78A98C0019DED3 /* Sources */ = {
			isa = PBXSourcesBuildPhase;
			buildActionMask = 2147483647;
			files = (
				B8ECC7491C8265B900503727 /* CategoryTableViewController.swift in Sources */,
				B872BBC41C78B1B00019DED3 /* Deck.swift in Sources */,
				B87A88781C971D4E009A3202 /* AddCardsViewController.swift in Sources */,
				B872BBCA1C7A3BB40019DED3 /* DeckEditorTableViewCell.swift in Sources */,
				B872BB7F1C78A98C0019DED3 /* AppDelegate.swift in Sources */,
				B872BBC21C78B1B00019DED3 /* Category.swift in Sources */,
				B872BBC11C78B1B00019DED3 /* Category+CoreDataProperties.swift in Sources */,
				B8ECC7451C81F95D00503727 /* StudyCardsDataStack.swift in Sources */,
				B8D2B24D1C9D86AA003C9BEE /* NFTextView.swift in Sources */,
				B872BBC01C78B1B00019DED3 /* Image.swift in Sources */,
				B872BBBE1C78B1B00019DED3 /* Card.swift in Sources */,
				B8E7F9D71CBA787200FF2A20 /* CardListTableViewController.swift in Sources */,
				B872BBBD1C78B1B00019DED3 /* Card+CoreDataProperties.swift in Sources */,
				B872BBC71C7924D50019DED3 /* AddDeckViewController.swift in Sources */,
				B8ECC7471C820A8B00503727 /* ViewModels.swift in Sources */,
				B8DA51611D53D6400081C377 /* CardCheckBox.swift in Sources */,
				B872BB821C78A98C0019DED3 /* StudyCards.xcdatamodeld in Sources */,
				B829712F1CD6A05D00509E1E /* QuizletTableViewController.swift in Sources */,
				B872BBC31C78B1B00019DED3 /* Deck+CoreDataProperties.swift in Sources */,
				B872BB841C78A98C0019DED3 /* MasterViewController.swift in Sources */,
				B829712D1CD55A7D00509E1E /* QuizletController.swift in Sources */,
				B872BB861C78A98C0019DED3 /* DetailViewController.swift in Sources */,
				B8E7F9D51CB9937400FF2A20 /* CardPageViewController.swift in Sources */,
				B872BBBF1C78B1B00019DED3 /* Image+CoreDataProperties.swift in Sources */,
				B84223511CBBBC1000B7A29D /* IndexCard.swift in Sources */,
			);
			runOnlyForDeploymentPostprocessing = 0;
		};
		B872BB901C78A98C0019DED3 /* Sources */ = {
			isa = PBXSourcesBuildPhase;
			buildActionMask = 2147483647;
			files = (
				B872BB991C78A98C0019DED3 /* StudyCardsTests.swift in Sources */,
			);
			runOnlyForDeploymentPostprocessing = 0;
		};
/* End PBXSourcesBuildPhase section */

/* Begin PBXTargetDependency section */
		B872BB961C78A98C0019DED3 /* PBXTargetDependency */ = {
			isa = PBXTargetDependency;
			target = B872BB7A1C78A98C0019DED3 /* StudyCards */;
			targetProxy = B872BB951C78A98C0019DED3 /* PBXContainerItemProxy */;
		};
/* End PBXTargetDependency section */

/* Begin PBXVariantGroup section */
		B872BB871C78A98C0019DED3 /* Main.storyboard */ = {
			isa = PBXVariantGroup;
			children = (
				B872BB881C78A98C0019DED3 /* Base */,
			);
			name = Main.storyboard;
			sourceTree = "<group>";
		};
		B872BB8C1C78A98C0019DED3 /* LaunchScreen.storyboard */ = {
			isa = PBXVariantGroup;
			children = (
				B872BB8D1C78A98C0019DED3 /* Base */,
			);
			name = LaunchScreen.storyboard;
			sourceTree = "<group>";
		};
/* End PBXVariantGroup section */

/* Begin XCBuildConfiguration section */
		B872BB9B1C78A98C0019DED3 /* Debug */ = {
			isa = XCBuildConfiguration;
			buildSettings = {
				ALWAYS_SEARCH_USER_PATHS = NO;
				CLANG_CXX_LANGUAGE_STANDARD = "gnu++0x";
				CLANG_CXX_LIBRARY = "libc++";
				CLANG_ENABLE_MODULES = YES;
				CLANG_ENABLE_OBJC_ARC = YES;
				CLANG_WARN_BOOL_CONVERSION = YES;
				CLANG_WARN_CONSTANT_CONVERSION = YES;
				CLANG_WARN_DIRECT_OBJC_ISA_USAGE = YES_ERROR;
				CLANG_WARN_EMPTY_BODY = YES;
				CLANG_WARN_ENUM_CONVERSION = YES;
				CLANG_WARN_INT_CONVERSION = YES;
				CLANG_WARN_OBJC_ROOT_CLASS = YES_ERROR;
				CLANG_WARN_UNREACHABLE_CODE = YES;
				CLANG_WARN__DUPLICATE_METHOD_MATCH = YES;
				"CODE_SIGN_IDENTITY[sdk=iphoneos*]" = "iPhone Developer";
				COPY_PHASE_STRIP = NO;
				DEBUG_INFORMATION_FORMAT = dwarf;
				ENABLE_STRICT_OBJC_MSGSEND = YES;
				ENABLE_TESTABILITY = YES;
				GCC_C_LANGUAGE_STANDARD = gnu99;
				GCC_DYNAMIC_NO_PIC = NO;
				GCC_NO_COMMON_BLOCKS = YES;
				GCC_OPTIMIZATION_LEVEL = 0;
				GCC_PREPROCESSOR_DEFINITIONS = (
					"DEBUG=1",
					"$(inherited)",
				);
				GCC_WARN_64_TO_32_BIT_CONVERSION = YES;
				GCC_WARN_ABOUT_RETURN_TYPE = YES_ERROR;
				GCC_WARN_UNDECLARED_SELECTOR = YES;
				GCC_WARN_UNINITIALIZED_AUTOS = YES_AGGRESSIVE;
				GCC_WARN_UNUSED_FUNCTION = YES;
				GCC_WARN_UNUSED_VARIABLE = YES;
				IPHONEOS_DEPLOYMENT_TARGET = 9.2;
				MTL_ENABLE_DEBUG_INFO = YES;
				ONLY_ACTIVE_ARCH = YES;
				SDKROOT = iphoneos;
				SWIFT_OPTIMIZATION_LEVEL = "-Onone";
				TARGETED_DEVICE_FAMILY = "1,2";
			};
			name = Debug;
		};
		B872BB9C1C78A98C0019DED3 /* Release */ = {
			isa = XCBuildConfiguration;
			buildSettings = {
				ALWAYS_SEARCH_USER_PATHS = NO;
				CLANG_CXX_LANGUAGE_STANDARD = "gnu++0x";
				CLANG_CXX_LIBRARY = "libc++";
				CLANG_ENABLE_MODULES = YES;
				CLANG_ENABLE_OBJC_ARC = YES;
				CLANG_WARN_BOOL_CONVERSION = YES;
				CLANG_WARN_CONSTANT_CONVERSION = YES;
				CLANG_WARN_DIRECT_OBJC_ISA_USAGE = YES_ERROR;
				CLANG_WARN_EMPTY_BODY = YES;
				CLANG_WARN_ENUM_CONVERSION = YES;
				CLANG_WARN_INT_CONVERSION = YES;
				CLANG_WARN_OBJC_ROOT_CLASS = YES_ERROR;
				CLANG_WARN_UNREACHABLE_CODE = YES;
				CLANG_WARN__DUPLICATE_METHOD_MATCH = YES;
				"CODE_SIGN_IDENTITY[sdk=iphoneos*]" = "iPhone Developer";
				COPY_PHASE_STRIP = NO;
				DEBUG_INFORMATION_FORMAT = "dwarf-with-dsym";
				ENABLE_NS_ASSERTIONS = NO;
				ENABLE_STRICT_OBJC_MSGSEND = YES;
				GCC_C_LANGUAGE_STANDARD = gnu99;
				GCC_NO_COMMON_BLOCKS = YES;
				GCC_WARN_64_TO_32_BIT_CONVERSION = YES;
				GCC_WARN_ABOUT_RETURN_TYPE = YES_ERROR;
				GCC_WARN_UNDECLARED_SELECTOR = YES;
				GCC_WARN_UNINITIALIZED_AUTOS = YES_AGGRESSIVE;
				GCC_WARN_UNUSED_FUNCTION = YES;
				GCC_WARN_UNUSED_VARIABLE = YES;
				IPHONEOS_DEPLOYMENT_TARGET = 9.2;
				MTL_ENABLE_DEBUG_INFO = NO;
				SDKROOT = iphoneos;
				TARGETED_DEVICE_FAMILY = "1,2";
				VALIDATE_PRODUCT = YES;
			};
			name = Release;
		};
		B872BB9E1C78A98C0019DED3 /* Debug */ = {
			isa = XCBuildConfiguration;
			buildSettings = {
				ASSETCATALOG_COMPILER_APPICON_NAME = AppIcon;
				CODE_SIGN_IDENTITY = "iPhone Developer";
				INFOPLIST_FILE = StudyCards/Info.plist;
				LD_RUNPATH_SEARCH_PATHS = "$(inherited) @executable_path/Frameworks";
				PRODUCT_BUNDLE_IDENTIFIER = com.nancifrank.StudyCards;
				PRODUCT_NAME = "$(TARGET_NAME)";
			};
			name = Debug;
		};
		B872BB9F1C78A98C0019DED3 /* Release */ = {
			isa = XCBuildConfiguration;
			buildSettings = {
				ASSETCATALOG_COMPILER_APPICON_NAME = AppIcon;
				CODE_SIGN_IDENTITY = "iPhone Developer";
				INFOPLIST_FILE = StudyCards/Info.plist;
				LD_RUNPATH_SEARCH_PATHS = "$(inherited) @executable_path/Frameworks";
				PRODUCT_BUNDLE_IDENTIFIER = com.nancifrank.StudyCards;
				PRODUCT_NAME = "$(TARGET_NAME)";
			};
			name = Release;
		};
		B872BBA11C78A98C0019DED3 /* Debug */ = {
			isa = XCBuildConfiguration;
			buildSettings = {
				BUNDLE_LOADER = "$(TEST_HOST)";
				INFOPLIST_FILE = StudyCardsTests/Info.plist;
				LD_RUNPATH_SEARCH_PATHS = "$(inherited) @executable_path/Frameworks @loader_path/Frameworks";
				PRODUCT_BUNDLE_IDENTIFIER = com.nancifrank.StudyCardsTests;
				PRODUCT_NAME = "$(TARGET_NAME)";
				TEST_HOST = "$(BUILT_PRODUCTS_DIR)/StudyCards.app/StudyCards";
			};
			name = Debug;
		};
		B872BBA21C78A98C0019DED3 /* Release */ = {
			isa = XCBuildConfiguration;
			buildSettings = {
				BUNDLE_LOADER = "$(TEST_HOST)";
				INFOPLIST_FILE = StudyCardsTests/Info.plist;
				LD_RUNPATH_SEARCH_PATHS = "$(inherited) @executable_path/Frameworks @loader_path/Frameworks";
				PRODUCT_BUNDLE_IDENTIFIER = com.nancifrank.StudyCardsTests;
				PRODUCT_NAME = "$(TARGET_NAME)";
				TEST_HOST = "$(BUILT_PRODUCTS_DIR)/StudyCards.app/StudyCards";
			};
			name = Release;
		};
/* End XCBuildConfiguration section */

/* Begin XCConfigurationList section */
		B872BB761C78A98C0019DED3 /* Build configuration list for PBXProject "StudyCards" */ = {
			isa = XCConfigurationList;
			buildConfigurations = (
				B872BB9B1C78A98C0019DED3 /* Debug */,
				B872BB9C1C78A98C0019DED3 /* Release */,
			);
			defaultConfigurationIsVisible = 0;
			defaultConfigurationName = Release;
		};
		B872BB9D1C78A98C0019DED3 /* Build configuration list for PBXNativeTarget "StudyCards" */ = {
			isa = XCConfigurationList;
			buildConfigurations = (
				B872BB9E1C78A98C0019DED3 /* Debug */,
				B872BB9F1C78A98C0019DED3 /* Release */,
			);
			defaultConfigurationIsVisible = 0;
			defaultConfigurationName = Release;
		};
		B872BBA01C78A98C0019DED3 /* Build configuration list for PBXNativeTarget "StudyCardsTests" */ = {
			isa = XCConfigurationList;
			buildConfigurations = (
				B872BBA11C78A98C0019DED3 /* Debug */,
				B872BBA21C78A98C0019DED3 /* Release */,
			);
			defaultConfigurationIsVisible = 0;
			defaultConfigurationName = Release;
		};
/* End XCConfigurationList section */

/* Begin XCVersionGroup section */
		B872BB801C78A98C0019DED3 /* StudyCards.xcdatamodeld */ = {
			isa = XCVersionGroup;
			children = (
				B872BB811C78A98C0019DED3 /* StudyCards.xcdatamodel */,
			);
			currentVersion = B872BB811C78A98C0019DED3 /* StudyCards.xcdatamodel */;
			path = StudyCards.xcdatamodeld;
			sourceTree = "<group>";
			versionGroupType = wrapper.xcdatamodel;
		};
/* End XCVersionGroup section */
	};
	rootObject = B872BB731C78A98C0019DED3 /* Project object */;
}
